<Solution>
  <Folder Name="/src/">
    <Project Path="src/Application/EquipFlow.Application.csproj" />
    <Project Path="src/Domain/EquipFlow.Domain.csproj" />
    <Project Path="src/Infrastructure/EquipFlow.Infrastructure.csproj" />
    <Project Path="src/WebApi/EquipFlow.WebApi.csproj" />
  </Folder>
  <Folder Name="/tests/">
    <Project Path="tests/EquipFlow.Domain.Tests/EquipFlow.Domain.Tests.csproj" />
    <Project Path="tests/EquipFlow.Application.Tests/EquipFlow.Application.Tests.csproj" />
  </Folder>
</Solution>
